
Microsoft Visual Studio Solution File, Format Version 12.00
# Visual Studio Version 17
VisualStudioVersion = 17.14.36221.1
MinimumVisualStudioVersion = 10.0.40219.1
Project("{FAE04EC0-301F-11D3-BF4B-00C04F79EFBC}") = "Blogaj.API", "Blogaj.API\Blogaj.API.csproj", "{62FD800B-8C54-5E6D-F5EB-A856EA5B1035}"
EndProject
Project("{FAE04EC0-301F-11D3-BF4B-00C04F79EFBC}") = "Blogaj.Business", "Blogaj.Business\Blogaj.Business.csproj", "{705EF715-7DA6-684B-18E9-00FFC774F3C0}"
EndProject
Project("{FAE04EC0-301F-11D3-BF4B-00C04F79EFBC}") = "Blogaj.DataAccess", "Blogaj.DataAccess\Blogaj.DataAccess.csproj", "{433FDCB0-5ADC-B357-47F0-494C7B67912D}"
EndProject
Project("{FAE04EC0-301F-11D3-BF4B-00C04F79EFBC}") = "Blogaj.DTO", "Blogaj.DTO\Blogaj.DTO.csproj", "{FB3E48E4-6AA0-2718-2DD3-99D735B6893A}"
EndProject
Project("{FAE04EC0-301F-11D3-BF4B-00C04F79EFBC}") = "Blogaj.Entity", "Blogaj.Entity\Blogaj.Entity.csproj", "{304C2514-8EC1-A92B-FE24-9E64AC071C39}"
EndProject
Project("{FAE04EC0-301F-11D3-BF4B-00C04F79EFBC}") = "Blogaj.WebUI", "Blogaj.WebUI\Blogaj.WebUI.csproj", "{1AEE9769-4355-4032-BB48-CCE135D7512F}"
EndProject
Global
	GlobalSection(SolutionConfigurationPlatforms) = preSolution
		Debug|Any CPU = Debug|Any CPU
		Release|Any CPU = Release|Any CPU
	EndGlobalSection
	GlobalSection(ProjectConfigurationPlatforms) = postSolution
		{62FD800B-8C54-5E6D-F5EB-A856EA5B1035}.Debug|Any CPU.ActiveCfg = Debug|Any CPU
		{62FD800B-8C54-5E6D-F5EB-A856EA5B1035}.Debug|Any CPU.Build.0 = Debug|Any CPU
		{62FD800B-8C54-5E6D-F5EB-A856EA5B1035}.Release|Any CPU.ActiveCfg = Release|Any CPU
		{62FD800B-8C54-5E6D-F5EB-A856EA5B1035}.Release|Any CPU.Build.0 = Release|Any CPU
		{705EF715-7DA6-684B-18E9-00FFC774F3C0}.Debug|Any CPU.ActiveCfg = Debug|Any CPU
		{705EF715-7DA6-684B-18E9-00FFC774F3C0}.Debug|Any CPU.Build.0 = Debug|Any CPU
		{705EF715-7DA6-684B-18E9-00FFC774F3C0}.Release|Any CPU.ActiveCfg = Release|Any CPU
		{705EF715-7DA6-684B-18E9-00FFC774F3C0}.Release|Any CPU.Build.0 = Release|Any CPU
		{433FDCB0-5ADC-B357-47F0-494C7B67912D}.Debug|Any CPU.ActiveCfg = Debug|Any CPU
		{433FDCB0-5ADC-B357-47F0-494C7B67912D}.Debug|Any CPU.Build.0 = Debug|Any CPU
		{433FDCB0-5ADC-B357-47F0-494C7B67912D}.Release|Any CPU.ActiveCfg = Release|Any CPU
		{433FDCB0-5ADC-B357-47F0-494C7B67912D}.Release|Any CPU.Build.0 = Release|Any CPU
		{FB3E48E4-6AA0-2718-2DD3-99D735B6893A}.Debug|Any CPU.ActiveCfg = Debug|Any CPU
		{FB3E48E4-6AA0-2718-2DD3-99D735B6893A}.Debug|Any CPU.Build.0 = Debug|Any CPU
		{FB3E48E4-6AA0-2718-2DD3-99D735B6893A}.Release|Any CPU.ActiveCfg = Release|Any CPU
		{FB3E48E4-6AA0-2718-2DD3-99D735B6893A}.Release|Any CPU.Build.0 = Release|Any CPU
		{304C2514-8EC1-A92B-FE24-9E64AC071C39}.Debug|Any CPU.ActiveCfg = Debug|Any CPU
		{304C2514-8EC1-A92B-FE24-9E64AC071C39}.Debug|Any CPU.Build.0 = Debug|Any CPU
		{304C2514-8EC1-A92B-FE24-9E64AC071C39}.Release|Any CPU.ActiveCfg = Release|Any CPU
		{304C2514-8EC1-A92B-FE24-9E64AC071C39}.Release|Any CPU.Build.0 = Release|Any CPU
		{1AEE9769-4355-4032-BB48-CCE135D7512F}.Debug|Any CPU.ActiveCfg = Debug|Any CPU
		{1AEE9769-4355-4032-BB48-CCE135D7512F}.Debug|Any CPU.Build.0 = Debug|Any CPU
		{1AEE9769-4355-4032-BB48-CCE135D7512F}.Release|Any CPU.ActiveCfg = Release|Any CPU
		{1AEE9769-4355-4032-BB48-CCE135D7512F}.Release|Any CPU.Build.0 = Release|Any CPU
	EndGlobalSection
	GlobalSection(SolutionProperties) = preSolution
		HideSolutionNode = FALSE
	EndGlobalSection
	GlobalSection(ExtensibilityGlobals) = postSolution
		SolutionGuid = {3BC3F682-8F6A-4FBB-957F-7A72EBA16D75}
	EndGlobalSection
EndGlobal
